
Microsoft Visual Studio Solution File, Format Version 12.00
# Visual Studio Version 17
VisualStudioVersion = 17.7.34031.279
MinimumVisualStudioVersion = 10.0.40219.1
Project("{FAE04EC0-301F-11D3-BF4B-00C04F79EFBC}") = "kalkylator", "kalkylator\kalkylator.csproj", "{1735A56C-C691-41BC-962A-6739D99D65FD}"
EndProject
Global
	GlobalSection(SolutionConfigurationPlatforms) = preSolution
		Debug|Any CPU = Debug|Any CPU
		Release|Any CPU = Release|Any CPU
	EndGlobalSection
	GlobalSection(ProjectConfigurationPlatforms) = postSolution
		{1735A56C-C691-41BC-962A-6739D99D65FD}.Debug|Any CPU.ActiveCfg = Debug|Any CPU
		{1735A56C-C691-41BC-962A-6739D99D65FD}.Debug|Any CPU.Build.0 = Debug|Any CPU
		{1735A56C-C691-41BC-962A-6739D99D65FD}.Release|Any CPU.ActiveCfg = Release|Any CPU
		{1735A56C-C691-41BC-962A-6739D99D65FD}.Release|Any CPU.Build.0 = Release|Any CPU
	EndGlobalSection
	GlobalSection(SolutionProperties) = preSolution
		HideSolutionNode = FALSE
	EndGlobalSection
	GlobalSection(ExtensibilityGlobals) = postSolution
		SolutionGuid = {90963BA3-EAF4-465E-B63C-17EFA501EA96}
	EndGlobalSection
EndGlobal
